
Microsoft Visual Studio Solution File, Format Version 12.00
# Visual Studio Version 17
VisualStudioVersion = 17.1.32407.343
MinimumVisualStudioVersion = 10.0.40219.1
Project("{2150E333-8FDC-42A3-9474-1A3956D46DE8}") = "Solution Items", "Solution Items", "{F3620EF1-4E79-4551-A5C5-66CD1538317A}"
	ProjectSection(SolutionItems) = preProject
		.gitignore = .gitignore
		AssemblyInfo.cs = AssemblyInfo.cs
		BannedSymbols.txt = BannedSymbols.txt
		CHANGELOG.md = CHANGELOG.md
		Clean.bat = Clean.bat
		Directory.Build.props = Directory.Build.props
		.github\workflows\dotnetcore.yml = .github\workflows\dotnetcore.yml
		global.json = global.json
		icon.png = icon.png
		LICENSE = LICENSE
		README.md = README.md
	EndProjectSection
EndProject
Project("{2150E333-8FDC-42A3-9474-1A3956D46DE8}") = "src", "src", "{EB67E851-A2EA-4731-A3A5-01D615A3AAA2}"
EndProject
Project("{2150E333-8FDC-42A3-9474-1A3956D46DE8}") = "test", "test", "{9034ACAE-6D26-4B4A-B8E1-6E5C610550E6}"
EndProject
Project("{9A19103F-16F7-4668-BE54-9A1E7A4F7556}") = "MediatR.Useful.Behavior", "src\MediatR.Useful.Behavior\MediatR.Useful.Behavior.csproj", "{5272A6D5-18BE-47CA-AF70-AFF586A66F07}"
EndProject
Project("{9A19103F-16F7-4668-BE54-9A1E7A4F7556}") = "UnitTest", "test\UnitTest\UnitTest.csproj", "{3B157CBA-46AB-41EB-9E9C-EE6470E2C159}"
EndProject
Project("{2150E333-8FDC-42A3-9474-1A3956D46DE8}") = "Example", "Example", "{04282C3C-A3F4-4C71-B391-CC3ADF68F76E}"
EndProject
Project("{9A19103F-16F7-4668-BE54-9A1E7A4F7556}") = "Example", "example\Example\Example.csproj", "{3587539F-8313-434A-A9A4-BAAC93BC0DB1}"
EndProject
Global
	GlobalSection(SolutionConfigurationPlatforms) = preSolution
		Debug|Any CPU = Debug|Any CPU
		Release|Any CPU = Release|Any CPU
	EndGlobalSection
	GlobalSection(ProjectConfigurationPlatforms) = postSolution
		{5272A6D5-18BE-47CA-AF70-AFF586A66F07}.Debug|Any CPU.ActiveCfg = Debug|Any CPU
		{5272A6D5-18BE-47CA-AF70-AFF586A66F07}.Debug|Any CPU.Build.0 = Debug|Any CPU
		{5272A6D5-18BE-47CA-AF70-AFF586A66F07}.Release|Any CPU.ActiveCfg = Release|Any CPU
		{5272A6D5-18BE-47CA-AF70-AFF586A66F07}.Release|Any CPU.Build.0 = Release|Any CPU
		{3B157CBA-46AB-41EB-9E9C-EE6470E2C159}.Debug|Any CPU.ActiveCfg = Debug|Any CPU
		{3B157CBA-46AB-41EB-9E9C-EE6470E2C159}.Debug|Any CPU.Build.0 = Debug|Any CPU
		{3B157CBA-46AB-41EB-9E9C-EE6470E2C159}.Release|Any CPU.ActiveCfg = Release|Any CPU
		{3B157CBA-46AB-41EB-9E9C-EE6470E2C159}.Release|Any CPU.Build.0 = Release|Any CPU
		{3587539F-8313-434A-A9A4-BAAC93BC0DB1}.Debug|Any CPU.ActiveCfg = Debug|Any CPU
		{3587539F-8313-434A-A9A4-BAAC93BC0DB1}.Debug|Any CPU.Build.0 = Debug|Any CPU
		{3587539F-8313-434A-A9A4-BAAC93BC0DB1}.Release|Any CPU.ActiveCfg = Release|Any CPU
		{3587539F-8313-434A-A9A4-BAAC93BC0DB1}.Release|Any CPU.Build.0 = Release|Any CPU
	EndGlobalSection
	GlobalSection(SolutionProperties) = preSolution
		HideSolutionNode = FALSE
	EndGlobalSection
	GlobalSection(NestedProjects) = preSolution
		{5272A6D5-18BE-47CA-AF70-AFF586A66F07} = {EB67E851-A2EA-4731-A3A5-01D615A3AAA2}
		{3B157CBA-46AB-41EB-9E9C-EE6470E2C159} = {9034ACAE-6D26-4B4A-B8E1-6E5C610550E6}
		{04282C3C-A3F4-4C71-B391-CC3ADF68F76E} = {EB67E851-A2EA-4731-A3A5-01D615A3AAA2}
		{3587539F-8313-434A-A9A4-BAAC93BC0DB1} = {04282C3C-A3F4-4C71-B391-CC3ADF68F76E}
	EndGlobalSection
	GlobalSection(ExtensibilityGlobals) = postSolution
		SolutionGuid = {5AEA13C4-9243-49C3-B054-D4EDC6898F50}
	EndGlobalSection
EndGlobal
